# THIS IS AN AUTOGENERATED FILE. DO NOT EDIT THIS FILE DIRECTLY.
# yarn lockfile v1


"@remix-run/router@1.21.0":
  version "1.21.0"
  resolved "https://registry.yarnpkg.com/@remix-run/router/-/router-1.21.0.tgz#c65ae4262bdcfe415dbd4f64ec87676e4a56e2b5"
  integrity sha512-xfSkCAchbdG5PnbrKqFWwia4Bi61nH+wm8wLEqfHDyp7Y3dZzgqS2itV8i4gAq9pC2HsTpwyBC6Ds8VHZ96JlA==

react-router-dom@^6.28.0:
  version "6.28.0"
  resolved "https://registry.yarnpkg.com/react-router-dom/-/react-router-dom-6.28.0.tgz#f73ebb3490e59ac9f299377062ad1d10a9f579e6"
  integrity sha512-kQ7Unsl5YdyOltsPGl31zOjLrDv+m2VcIEcIHqYYD3Lp0UppLjrzcfJqDJwXxFw3TH/yvapbnUvPlAj7Kx5nbg==
  dependencies:
    "@remix-run/router" "1.21.0"
    react-router "6.28.0"

react-router@6.28.0:
  version "6.28.0"
  resolved "https://registry.yarnpkg.com/react-router/-/react-router-6.28.0.tgz#29247c86d7ba901d7e5a13aa79a96723c3e59d0d"
  integrity sha512-HrYdIFqdrnhDw0PqG/AKjAqEqM7AvxCz0DQ4h2W8k6nqmc5uRBYDag0SBxx9iYz5G8gnuNVLzUe13wl9eAsXXg==
  dependencies:
    "@remix-run/router" "1.21.0"
